{
  "version": 4,
  "terraform_version": "1.6.1",
  "serial": 54,
  "lineage": "d106168e-ad34-b694-1543-55d57b58e9c8",
  "outputs": {},
  "resources": [
    {
      "mode": "managed",
      "type": "azurerm_linux_virtual_machine",
      "name": "terra-demo",
      "provider": "provider[\"registry.terraform.io/hashicorp/azurerm\"]",
      "instances": [
        {
          "schema_version": 0,
          "attributes": {
            "additional_capabilities": [],
            "admin_password": "P@$$w0rd1234!",
            "admin_ssh_key": [],
            "admin_username": "nidhish",
            "allow_extension_operations": true,
            "availability_set_id": "",
            "boot_diagnostics": [],
            "computer_name": "terra-demo-machine01",
            "custom_data": null,
            "dedicated_host_group_id": "",
            "dedicated_host_id": "",
            "disable_password_authentication": false,
            "edge_zone": "",
            "encryption_at_host_enabled": false,
            "eviction_policy": "",
            "extensions_time_budget": "PT1H30M",
            "id": "/subscriptions/77eac2a6-e515-4813-86c3-ecc73e69e30b/resourceGroups/terra-demo-rg/providers/Microsoft.Compute/virtualMachines/terra-demo-machine01",
            "identity": [],
            "license_type": "",
            "location": "centralindia",
            "max_bid_price": -1,
            "name": "terra-demo-machine01",
            "network_interface_ids": [
              "/subscriptions/77eac2a6-e515-4813-86c3-ecc73e69e30b/resourceGroups/terra-demo-rg/providers/Microsoft.Network/networkInterfaces/terra-demo-nic"
            ],
            "os_disk": [
              {
                "caching": "ReadWrite",
                "diff_disk_settings": [],
                "disk_encryption_set_id": "",
                "disk_size_gb": 30,
                "name": "terra-demo-machine01_disk1_3be3494fbdaa4056a53c85b0dd7f83ab",
                "storage_account_type": "Standard_LRS",
                "write_accelerator_enabled": false
              }
            ],
            "patch_mode": "ImageDefault",
            "plan": [],
            "platform_fault_domain": -1,
            "priority": "Regular",
            "private_ip_address": "10.0.0.4",
            "private_ip_addresses": [
              "10.0.0.4"
            ],
            "provision_vm_agent": true,
            "proximity_placement_group_id": "",
            "public_ip_address": "20.204.49.202",
            "public_ip_addresses": [
              "20.204.49.202"
            ],
            "resource_group_name": "terra-demo-rg",
            "secret": [],
            "secure_boot_enabled": false,
            "size": "Standard_B1ms",
            "source_image_id": "",
            "source_image_reference": [
              {
                "offer": "0001-com-ubuntu-server-focal",
                "publisher": "Canonical",
                "sku": "20_04-lts",
                "version": "latest"
              }
            ],
            "tags": null,
            "termination_notification": null,
            "timeouts": null,
            "user_data": "",
            "virtual_machine_id": "7a4f0b1a-f31e-415e-b792-78b485ed0bbc",
            "virtual_machine_scale_set_id": "",
            "vtpm_enabled": false,
            "zone": ""
          },
          "sensitive_attributes": [],
          "private": "eyJlMmJmYjczMC1lY2FhLTExZTYtOGY4OC0zNDM2M2JjN2M0YzAiOnsiY3JlYXRlIjoyNzAwMDAwMDAwMDAwLCJkZWxldGUiOjI3MDAwMDAwMDAwMDAsInJlYWQiOjMwMDAwMDAwMDAwMCwidXBkYXRlIjoyNzAwMDAwMDAwMDAwfX0=",
          "dependencies": [
            "azurerm_network_interface.terra-demo",
            "azurerm_public_ip.terra-demo",
            "azurerm_resource_group.terra-demo",
            "azurerm_subnet.terra-demo",
            "azurerm_virtual_network.terra-demo"
          ]
        }
      ]
    },
    {
      "mode": "managed",
      "type": "azurerm_network_interface",
      "name": "terra-demo",
      "provider": "provider[\"registry.terraform.io/hashicorp/azurerm\"]",
      "instances": [
        {
          "schema_version": 0,
          "attributes": {
            "applied_dns_servers": [],
            "dns_servers": [],
            "edge_zone": "",
            "enable_accelerated_networking": false,
            "enable_ip_forwarding": false,
            "id": "/subscriptions/77eac2a6-e515-4813-86c3-ecc73e69e30b/resourceGroups/terra-demo-rg/providers/Microsoft.Network/networkInterfaces/terra-demo-nic",
            "internal_dns_name_label": "",
            "internal_domain_name_suffix": "5vzjl2zbjw1ebkkz05yij0jvub.rx.internal.cloudapp.net",
            "ip_configuration": [
              {
                "gateway_load_balancer_frontend_ip_configuration_id": "",
                "name": "internal",
                "primary": true,
                "private_ip_address": "10.0.0.4",
                "private_ip_address_allocation": "Dynamic",
                "private_ip_address_version": "IPv4",
                "public_ip_address_id": "/subscriptions/77eac2a6-e515-4813-86c3-ecc73e69e30b/resourceGroups/terra-demo-rg/providers/Microsoft.Network/publicIPAddresses/terra-demo-machine01-pip",
                "subnet_id": "/subscriptions/77eac2a6-e515-4813-86c3-ecc73e69e30b/resourceGroups/terra-demo-rg/providers/Microsoft.Network/virtualNetworks/terra-demo-vnet/subnets/SubnetA"
              }
            ],
            "location": "centralindia",
            "mac_address": "",
            "name": "terra-demo-nic",
            "private_ip_address": "10.0.0.4",
            "private_ip_addresses": [
              "10.0.0.4"
            ],
            "resource_group_name": "terra-demo-rg",
            "tags": null,
            "timeouts": null,
            "virtual_machine_id": ""
          },
          "sensitive_attributes": [],
          "private": "eyJlMmJmYjczMC1lY2FhLTExZTYtOGY4OC0zNDM2M2JjN2M0YzAiOnsiY3JlYXRlIjoxODAwMDAwMDAwMDAwLCJkZWxldGUiOjE4MDAwMDAwMDAwMDAsInJlYWQiOjMwMDAwMDAwMDAwMCwidXBkYXRlIjoxODAwMDAwMDAwMDAwfX0=",
          "dependencies": [
            "azurerm_public_ip.terra-demo",
            "azurerm_resource_group.terra-demo",
            "azurerm_subnet.terra-demo",
            "azurerm_virtual_network.terra-demo"
          ]
        }
      ]
    },
    {
      "mode": "managed",
      "type": "azurerm_network_interface_security_group_association",
      "name": "terra-demo",
      "provider": "provider[\"registry.terraform.io/hashicorp/azurerm\"]",
      "instances": [
        {
          "schema_version": 0,
          "attributes": {
            "id": "/subscriptions/77eac2a6-e515-4813-86c3-ecc73e69e30b/resourceGroups/terra-demo-rg/providers/Microsoft.Network/networkInterfaces/terra-demo-nic|/subscriptions/77eac2a6-e515-4813-86c3-ecc73e69e30b/resourceGroups/terra-demo-rg/providers/Microsoft.Network/networkSecurityGroups/terra-demo-nsg",
            "network_interface_id": "/subscriptions/77eac2a6-e515-4813-86c3-ecc73e69e30b/resourceGroups/terra-demo-rg/providers/Microsoft.Network/networkInterfaces/terra-demo-nic",
            "network_security_group_id": "/subscriptions/77eac2a6-e515-4813-86c3-ecc73e69e30b/resourceGroups/terra-demo-rg/providers/Microsoft.Network/networkSecurityGroups/terra-demo-nsg",
            "timeouts": null
          },
          "sensitive_attributes": [],
          "private": "eyJlMmJmYjczMC1lY2FhLTExZTYtOGY4OC0zNDM2M2JjN2M0YzAiOnsiY3JlYXRlIjoxODAwMDAwMDAwMDAwLCJkZWxldGUiOjE4MDAwMDAwMDAwMDAsInJlYWQiOjMwMDAwMDAwMDAwMCwidXBkYXRlIjoxODAwMDAwMDAwMDAwfX0=",
          "dependencies": [
            "azurerm_network_interface.terra-demo",
            "azurerm_network_security_group.terra-demo",
            "azurerm_public_ip.terra-demo",
            "azurerm_resource_group.terra-demo",
            "azurerm_subnet.terra-demo",
            "azurerm_virtual_network.terra-demo"
          ]
        }
      ]
    },
    {
      "mode": "managed",
      "type": "azurerm_network_security_group",
      "name": "terra-demo",
      "provider": "provider[\"registry.terraform.io/hashicorp/azurerm\"]",
      "instances": [
        {
          "schema_version": 0,
          "attributes": {
            "id": "/subscriptions/77eac2a6-e515-4813-86c3-ecc73e69e30b/resourceGroups/terra-demo-rg/providers/Microsoft.Network/networkSecurityGroups/terra-demo-nsg",
            "location": "centralindia",
            "name": "terra-demo-nsg",
            "resource_group_name": "terra-demo-rg",
            "security_rule": [],
            "tags": null,
            "timeouts": null
          },
          "sensitive_attributes": [],
          "private": "eyJlMmJmYjczMC1lY2FhLTExZTYtOGY4OC0zNDM2M2JjN2M0YzAiOnsiY3JlYXRlIjoxODAwMDAwMDAwMDAwLCJkZWxldGUiOjE4MDAwMDAwMDAwMDAsInJlYWQiOjMwMDAwMDAwMDAwMCwidXBkYXRlIjoxODAwMDAwMDAwMDAwfX0=",
          "dependencies": [
            "azurerm_resource_group.terra-demo"
          ]
        }
      ]
    },
    {
      "mode": "managed",
      "type": "azurerm_network_security_rule",
      "name": "terra-demo",
      "provider": "provider[\"registry.terraform.io/hashicorp/azurerm\"]",
      "instances": [
        {
          "schema_version": 0,
          "attributes": {
            "access": "Allow",
            "description": "",
            "destination_address_prefix": "*",
            "destination_address_prefixes": null,
            "destination_application_security_group_ids": null,
            "destination_port_range": "22",
            "destination_port_ranges": null,
            "direction": "Inbound",
            "id": "/subscriptions/77eac2a6-e515-4813-86c3-ecc73e69e30b/resourceGroups/terra-demo-rg/providers/Microsoft.Network/networkSecurityGroups/terra-demo-nsg/securityRules/terra-demo-rule",
            "name": "terra-demo-rule",
            "network_security_group_name": "terra-demo-nsg",
            "priority": 100,
            "protocol": "Tcp",
            "resource_group_name": "terra-demo-rg",
            "source_address_prefix": "*",
            "source_address_prefixes": null,
            "source_application_security_group_ids": null,
            "source_port_range": "*",
            "source_port_ranges": null,
            "timeouts": null
          },
          "sensitive_attributes": [],
          "private": "eyJlMmJmYjczMC1lY2FhLTExZTYtOGY4OC0zNDM2M2JjN2M0YzAiOnsiY3JlYXRlIjoxODAwMDAwMDAwMDAwLCJkZWxldGUiOjE4MDAwMDAwMDAwMDAsInJlYWQiOjMwMDAwMDAwMDAwMCwidXBkYXRlIjoxODAwMDAwMDAwMDAwfX0=",
          "dependencies": [
            "azurerm_network_security_group.terra-demo",
            "azurerm_resource_group.terra-demo"
          ]
        }
      ]
    },
    {
      "mode": "managed",
      "type": "azurerm_public_ip",
      "name": "terra-demo",
      "provider": "provider[\"registry.terraform.io/hashicorp/azurerm\"]",
      "instances": [
        {
          "schema_version": 0,
          "attributes": {
            "allocation_method": "Static",
            "domain_name_label": null,
            "edge_zone": "",
            "fqdn": null,
            "id": "/subscriptions/77eac2a6-e515-4813-86c3-ecc73e69e30b/resourceGroups/terra-demo-rg/providers/Microsoft.Network/publicIPAddresses/terra-demo-machine01-pip",
            "idle_timeout_in_minutes": 4,
            "ip_address": "20.204.49.202",
            "ip_tags": null,
            "ip_version": "IPv4",
            "location": "centralindia",
            "name": "terra-demo-machine01-pip",
            "public_ip_prefix_id": null,
            "resource_group_name": "terra-demo-rg",
            "reverse_fqdn": null,
            "sku": "Basic",
            "sku_tier": "Regional",
            "tags": null,
            "timeouts": null,
            "zones": null
          },
          "sensitive_attributes": [],
          "private": "eyJlMmJmYjczMC1lY2FhLTExZTYtOGY4OC0zNDM2M2JjN2M0YzAiOnsiY3JlYXRlIjoxODAwMDAwMDAwMDAwLCJkZWxldGUiOjE4MDAwMDAwMDAwMDAsInJlYWQiOjMwMDAwMDAwMDAwMCwidXBkYXRlIjoxODAwMDAwMDAwMDAwfX0=",
          "dependencies": [
            "azurerm_resource_group.terra-demo"
          ]
        }
      ]
    },
    {
      "mode": "managed",
      "type": "azurerm_resource_group",
      "name": "terra-demo",
      "provider": "provider[\"registry.terraform.io/hashicorp/azurerm\"]",
      "instances": [
        {
          "schema_version": 0,
          "attributes": {
            "id": "/subscriptions/77eac2a6-e515-4813-86c3-ecc73e69e30b/resourceGroups/terra-demo-rg",
            "location": "centralindia",
            "name": "terra-demo-rg",
            "tags": null,
            "timeouts": null
          },
          "sensitive_attributes": [],
          "private": "eyJlMmJmYjczMC1lY2FhLTExZTYtOGY4OC0zNDM2M2JjN2M0YzAiOnsiY3JlYXRlIjo1NDAwMDAwMDAwMDAwLCJkZWxldGUiOjU0MDAwMDAwMDAwMDAsInJlYWQiOjMwMDAwMDAwMDAwMCwidXBkYXRlIjo1NDAwMDAwMDAwMDAwfX0="
        }
      ]
    },
    {
      "mode": "managed",
      "type": "azurerm_subnet",
      "name": "terra-demo",
      "provider": "provider[\"registry.terraform.io/hashicorp/azurerm\"]",
      "instances": [
        {
          "schema_version": 0,
          "attributes": {
            "address_prefixes": [
              "10.0.0.0/24"
            ],
            "delegation": [],
            "enforce_private_link_endpoint_network_policies": false,
            "enforce_private_link_service_network_policies": false,
            "id": "/subscriptions/77eac2a6-e515-4813-86c3-ecc73e69e30b/resourceGroups/terra-demo-rg/providers/Microsoft.Network/virtualNetworks/terra-demo-vnet/subnets/SubnetA",
            "name": "SubnetA",
            "resource_group_name": "terra-demo-rg",
            "service_endpoint_policy_ids": null,
            "service_endpoints": null,
            "timeouts": null,
            "virtual_network_name": "terra-demo-vnet"
          },
          "sensitive_attributes": [],
          "private": "eyJlMmJmYjczMC1lY2FhLTExZTYtOGY4OC0zNDM2M2JjN2M0YzAiOnsiY3JlYXRlIjoxODAwMDAwMDAwMDAwLCJkZWxldGUiOjE4MDAwMDAwMDAwMDAsInJlYWQiOjMwMDAwMDAwMDAwMCwidXBkYXRlIjoxODAwMDAwMDAwMDAwfX0=",
          "dependencies": [
            "azurerm_resource_group.terra-demo",
            "azurerm_virtual_network.terra-demo"
          ]
        }
      ]
    },
    {
      "mode": "managed",
      "type": "azurerm_virtual_network",
      "name": "terra-demo",
      "provider": "provider[\"registry.terraform.io/hashicorp/azurerm\"]",
      "instances": [
        {
          "schema_version": 0,
          "attributes": {
            "address_space": [
              "10.0.0.0/16"
            ],
            "bgp_community": "",
            "ddos_protection_plan": [],
            "dns_servers": [],
            "edge_zone": "",
            "flow_timeout_in_minutes": 0,
            "guid": "f39572fd-4d21-40b6-a959-d7f084e935a1",
            "id": "/subscriptions/77eac2a6-e515-4813-86c3-ecc73e69e30b/resourceGroups/terra-demo-rg/providers/Microsoft.Network/virtualNetworks/terra-demo-vnet",
            "location": "centralindia",
            "name": "terra-demo-vnet",
            "resource_group_name": "terra-demo-rg",
            "subnet": [],
            "tags": null,
            "timeouts": null
          },
          "sensitive_attributes": [],
          "private": "eyJlMmJmYjczMC1lY2FhLTExZTYtOGY4OC0zNDM2M2JjN2M0YzAiOnsiY3JlYXRlIjoxODAwMDAwMDAwMDAwLCJkZWxldGUiOjE4MDAwMDAwMDAwMDAsInJlYWQiOjMwMDAwMDAwMDAwMCwidXBkYXRlIjoxODAwMDAwMDAwMDAwfX0=",
          "dependencies": [
            "azurerm_resource_group.terra-demo"
          ]
        }
      ]
    }
  ],
  "check_results": null
}
